{
  "lockfileVersion": 1,
  "workspaces": {
    "": {
      "name": "deno-kv-gui",
      "dependencies": {
        "@deno/kv": "^0.10.0",
      },
      "devDependencies": {
        "@types/bun": "latest",
      },
      "peerDependencies": {
        "typescript": "^5",
      },
    },
  },
  "packages": {
    "@deno/kv": ["@deno/kv@0.10.0", "", { "optionalDependencies": { "@deno/kv-darwin-arm64": "0.10.0", "@deno/kv-darwin-x64": "0.10.0", "@deno/kv-linux-x64-gnu": "0.10.0", "@deno/kv-win32-x64-msvc": "0.10.0" } }, "sha512-fbQFYsWvTbyjj6QhXOXFzb3AaMuStOTgUQvgoHf0bJ2s8csklV4V5NkGvi/aNH3uqmduYw+LULz9pPerpiwNfA=="],

    "@deno/kv-darwin-arm64": ["@deno/kv-darwin-arm64@0.10.0", "", { "os": "darwin", "cpu": "arm64" }, "sha512-A3ZlAtDwustZDPG7F2quF0PLn18qagGdRP7BynaRdyMvbQRZFKODg2MBjtRJIoaDnbodbprnyxFNwIKKHTEgXg=="],

    "@deno/kv-darwin-x64": ["@deno/kv-darwin-x64@0.10.0", "", { "os": "darwin", "cpu": "x64" }, "sha512-olIc2rVGat+CdVc4sAoCnaCht3072+Y87rNA3RVDlHSdCf/lCA/72rKHkhLnr2N0NDaZuObgez0q5dlnG81Hvg=="],

    "@deno/kv-linux-x64-gnu": ["@deno/kv-linux-x64-gnu@0.10.0", "", { "os": "linux", "cpu": "x64" }, "sha512-WruhVdvLQmy/IbawcRQlqvqd7ieUbZnKU/0Cxy0y4LXwPQ9SBHeUG6U0YI6+4gN+q26GXBnifEQv6e6ocqS9Qg=="],

    "@deno/kv-win32-x64-msvc": ["@deno/kv-win32-x64-msvc@0.10.0", "", { "os": "win32", "cpu": "x64" }, "sha512-7l9rlxS7KERpnRSXGoot+zXBeaDt4Dt+LShTva+XwuYqQstnxTuo0xLNzt36+nYHtMeVGCxZUzwQFCNp8686Sw=="],

    "@types/bun": ["@types/bun@1.2.18", "", { "dependencies": { "bun-types": "1.2.18" } }, "sha512-Xf6RaWVheyemaThV0kUfaAUvCNokFr+bH8Jxp+tTZfx7dAPA8z9ePnP9S9+Vspzuxxx9JRAXhnyccRj3GyCMdQ=="],

    "@types/node": ["@types/node@24.0.13", "", { "dependencies": { "undici-types": "~7.8.0" } }, "sha512-Qm9OYVOFHFYg3wJoTSrz80hoec5Lia/dPp84do3X7dZvLikQvM1YpmvTBEdIr/e+U8HTkFjLHLnl78K/qjf+jQ=="],

    "@types/react": ["@types/react@19.1.8", "", { "dependencies": { "csstype": "^3.0.2" } }, "sha512-AwAfQ2Wa5bCx9WP8nZL2uMZWod7J7/JSplxbTmBQ5ms6QpqNYm672H0Vu9ZVKVngQ+ii4R/byguVEUZQyeg44g=="],

    "bun-types": ["bun-types@1.2.18", "", { "dependencies": { "@types/node": "*" }, "peerDependencies": { "@types/react": "^19" } }, "sha512-04+Eha5NP7Z0A9YgDAzMk5PHR16ZuLVa83b26kH5+cp1qZW4F6FmAURngE7INf4tKOvCE69vYvDEwoNl1tGiWw=="],

    "csstype": ["csstype@3.1.3", "", {}, "sha512-M1uQkMl8rQK/szD0LNhtqxIPLpimGm8sOBwU7lLnCpSbTyY3yeU1Vc7l4KT5zT4s/yOxHH5O7tIuuLOCnLADRw=="],

    "typescript": ["typescript@5.8.3", "", { "bin": { "tsc": "bin/tsc", "tsserver": "bin/tsserver" } }, "sha512-p1diW6TqL9L07nNxvRMM7hMMw4c5XOo/1ibL4aAIGmSAt9slTE1Xgw5KWuof2uTOvCg9BY7ZRi+GaF+7sfgPeQ=="],

    "undici-types": ["undici-types@7.8.0", "", {}, "sha512-9UJ2xGDvQ43tYyVMpuHlsgApydB8ZKfVYTsLDhXkFL/6gfkp+U8xTGdh8pMJv1SpZna0zxG1DwsKZsreLbXBxw=="],
  }
}
